// !$*UTF8*$!
{
	archiveVersion = 1;
	classes = {
	};
	objectVersion = 55;
	objects = {

/* Begin PBXBuildFile section */
		CD46F45C296551F200DF0076 /* QuizEngine.docc in Sources */ = {isa = PBXBuildFile; fileRef = CD46F45B296551F200DF0076 /* QuizEngine.docc */; };
		CD46F462296551F200DF0076 /* QuizEngine.framework in Frameworks */ = {isa = PBXBuildFile; fileRef = CD46F457296551F200DF0076 /* QuizEngine.framework */; };
		CD46F475296554EE00DF0076 /* Flow.swift in Sources */ = {isa = PBXBuildFile; fileRef = CD46F474296554EE00DF0076 /* Flow.swift */; };
		CD46F4772965572500DF0076 /* FlowTest.swift in Sources */ = {isa = PBXBuildFile; fileRef = CD46F4762965572500DF0076 /* FlowTest.swift */; };
		CD544702296D173000B5C29A /* Result.swift in Sources */ = {isa = PBXBuildFile; fileRef = CD544701296D173000B5C29A /* Result.swift */; };
		CD544704296D175700B5C29A /* Router.swift in Sources */ = {isa = PBXBuildFile; fileRef = CD544703296D175700B5C29A /* Router.swift */; };
		CD544706296D17DC00B5C29A /* GameTest.swift in Sources */ = {isa = PBXBuildFile; fileRef = CD544705296D17DC00B5C29A /* GameTest.swift */; };
		CD544708296D189600B5C29A /* Game.swift in Sources */ = {isa = PBXBuildFile; fileRef = CD544707296D189600B5C29A /* Game.swift */; };
		CD54470A296D195700B5C29A /* RouterSpy.swift in Sources */ = {isa = PBXBuildFile; fileRef = CD544709296D195700B5C29A /* RouterSpy.swift */; };
		CDC5BF4B296D324F000FC0DD /* QuizEngine.framework in Frameworks */ = {isa = PBXBuildFile; fileRef = CDC5BF41296D324E000FC0DD /* QuizEngine.framework */; };
		CDC5BF58296D3377000FC0DD /* Result.swift in Sources */ = {isa = PBXBuildFile; fileRef = CD544701296D173000B5C29A /* Result.swift */; };
		CDC5BF59296D3377000FC0DD /* Game.swift in Sources */ = {isa = PBXBuildFile; fileRef = CD544707296D189600B5C29A /* Game.swift */; };
		CDC5BF5A296D3377000FC0DD /* Router.swift in Sources */ = {isa = PBXBuildFile; fileRef = CD544703296D175700B5C29A /* Router.swift */; };
		CDC5BF5B296D3377000FC0DD /* Flow.swift in Sources */ = {isa = PBXBuildFile; fileRef = CD46F474296554EE00DF0076 /* Flow.swift */; };
		CDC5BF5C296D33BA000FC0DD /* FlowTest.swift in Sources */ = {isa = PBXBuildFile; fileRef = CD46F4762965572500DF0076 /* FlowTest.swift */; };
		CDC5BF5D296D33BA000FC0DD /* GameTest.swift in Sources */ = {isa = PBXBuildFile; fileRef = CD544705296D17DC00B5C29A /* GameTest.swift */; };
		CDC5BF5E296D33BA000FC0DD /* RouterSpy.swift in Sources */ = {isa = PBXBuildFile; fileRef = CD544709296D195700B5C29A /* RouterSpy.swift */; };
/* End PBXBuildFile section */

/* Begin PBXContainerItemProxy section */
		CD46F463296551F200DF0076 /* PBXContainerItemProxy */ = {
			isa = PBXContainerItemProxy;
			containerPortal = CD46F44E296551F200DF0076 /* Project object */;
			proxyType = 1;
			remoteGlobalIDString = CD46F456296551F200DF0076;
			remoteInfo = QuizEngine;
		};
		CDC5BF4C296D324F000FC0DD /* PBXContainerItemProxy */ = {
			isa = PBXContainerItemProxy;
			containerPortal = CD46F44E296551F200DF0076 /* Project object */;
			proxyType = 1;
			remoteGlobalIDString = CDC5BF40296D324E000FC0DD;
			remoteInfo = QuizEngine_iOS;
		};
/* End PBXContainerItemProxy section */

/* Begin PBXFileReference section */
		CD46F457296551F200DF0076 /* QuizEngine.framework */ = {isa = PBXFileReference; explicitFileType = wrapper.framework; includeInIndex = 0; path = QuizEngine.framework; sourceTree = BUILT_PRODUCTS_DIR; };
		CD46F45B296551F200DF0076 /* QuizEngine.docc */ = {isa = PBXFileReference; lastKnownFileType = folder.documentationcatalog; path = QuizEngine.docc; sourceTree = "<group>"; };
		CD46F461296551F200DF0076 /* QuizEngineTests.xctest */ = {isa = PBXFileReference; explicitFileType = wrapper.cfbundle; includeInIndex = 0; path = QuizEngineTests.xctest; sourceTree = BUILT_PRODUCTS_DIR; };
		CD46F474296554EE00DF0076 /* Flow.swift */ = {isa = PBXFileReference; lastKnownFileType = sourcecode.swift; path = Flow.swift; sourceTree = "<group>"; };
		CD46F4762965572500DF0076 /* FlowTest.swift */ = {isa = PBXFileReference; lastKnownFileType = sourcecode.swift; path = FlowTest.swift; sourceTree = "<group>"; };
		CD46F4792965593300DF0076 /* QuizEngineTests-Bridging-Header.h */ = {isa = PBXFileReference; lastKnownFileType = sourcecode.c.h; path = "QuizEngineTests-Bridging-Header.h"; sourceTree = "<group>"; };
		CD544701296D173000B5C29A /* Result.swift */ = {isa = PBXFileReference; lastKnownFileType = sourcecode.swift; path = Result.swift; sourceTree = "<group>"; };
		CD544703296D175700B5C29A /* Router.swift */ = {isa = PBXFileReference; lastKnownFileType = sourcecode.swift; path = Router.swift; sourceTree = "<group>"; };
		CD544705296D17DC00B5C29A /* GameTest.swift */ = {isa = PBXFileReference; lastKnownFileType = sourcecode.swift; path = GameTest.swift; sourceTree = "<group>"; };
		CD544707296D189600B5C29A /* Game.swift */ = {isa = PBXFileReference; lastKnownFileType = sourcecode.swift; path = Game.swift; sourceTree = "<group>"; };
		CD544709296D195700B5C29A /* RouterSpy.swift */ = {isa = PBXFileReference; lastKnownFileType = sourcecode.swift; path = RouterSpy.swift; sourceTree = "<group>"; };
		CDC5BF41296D324E000FC0DD /* QuizEngine.framework */ = {isa = PBXFileReference; explicitFileType = wrapper.framework; includeInIndex = 0; path = QuizEngine.framework; sourceTree = BUILT_PRODUCTS_DIR; };
		CDC5BF4A296D324F000FC0DD /* QuizEngine_iOSTests.xctest */ = {isa = PBXFileReference; explicitFileType = wrapper.cfbundle; includeInIndex = 0; path = QuizEngine_iOSTests.xctest; sourceTree = BUILT_PRODUCTS_DIR; };
/* End PBXFileReference section */

/* Begin PBXFrameworksBuildPhase section */
		CD46F454296551F200DF0076 /* Frameworks */ = {
			isa = PBXFrameworksBuildPhase;
			buildActionMask = 2147483647;
			files = (
			);
			runOnlyForDeploymentPostprocessing = 0;
		};
		CD46F45E296551F200DF0076 /* Frameworks */ = {
			isa = PBXFrameworksBuildPhase;
			buildActionMask = 2147483647;
			files = (
				CD46F462296551F200DF0076 /* QuizEngine.framework in Frameworks */,
			);
			runOnlyForDeploymentPostprocessing = 0;
		};
		CDC5BF3E296D324E000FC0DD /* Frameworks */ = {
			isa = PBXFrameworksBuildPhase;
			buildActionMask = 2147483647;
			files = (
			);
			runOnlyForDeploymentPostprocessing = 0;
		};
		CDC5BF47296D324F000FC0DD /* Frameworks */ = {
			isa = PBXFrameworksBuildPhase;
			buildActionMask = 2147483647;
			files = (
				CDC5BF4B296D324F000FC0DD /* QuizEngine.framework in Frameworks */,
			);
			runOnlyForDeploymentPostprocessing = 0;
		};
/* End PBXFrameworksBuildPhase section */

/* Begin PBXGroup section */
		CD46F44D296551F200DF0076 = {
			isa = PBXGroup;
			children = (
				CD46F459296551F200DF0076 /* QuizEngine */,
				CD46F465296551F200DF0076 /* QuizEngineTests */,
				CD46F458296551F200DF0076 /* Products */,
			);
			sourceTree = "<group>";
		};
		CD46F458296551F200DF0076 /* Products */ = {
			isa = PBXGroup;
			children = (
				CD46F457296551F200DF0076 /* QuizEngine.framework */,
				CD46F461296551F200DF0076 /* QuizEngineTests.xctest */,
				CDC5BF41296D324E000FC0DD /* QuizEngine.framework */,
				CDC5BF4A296D324F000FC0DD /* QuizEngine_iOSTests.xctest */,
			);
			name = Products;
			sourceTree = "<group>";
		};
		CD46F459296551F200DF0076 /* QuizEngine */ = {
			isa = PBXGroup;
			children = (
				CD46F45B296551F200DF0076 /* QuizEngine.docc */,
				CD46F474296554EE00DF0076 /* Flow.swift */,
				CD544701296D173000B5C29A /* Result.swift */,
				CD544707296D189600B5C29A /* Game.swift */,
				CD544703296D175700B5C29A /* Router.swift */,
			);
			path = QuizEngine;
			sourceTree = "<group>";
		};
		CD46F465296551F200DF0076 /* QuizEngineTests */ = {
			isa = PBXGroup;
			children = (
				CD46F4792965593300DF0076 /* QuizEngineTests-Bridging-Header.h */,
				CD46F4762965572500DF0076 /* FlowTest.swift */,
				CD544709296D195700B5C29A /* RouterSpy.swift */,
				CD544705296D17DC00B5C29A /* GameTest.swift */,
			);
			path = QuizEngineTests;
			sourceTree = "<group>";
		};
/* End PBXGroup section */

/* Begin PBXHeadersBuildPhase section */
		CD46F452296551F200DF0076 /* Headers */ = {
			isa = PBXHeadersBuildPhase;
			buildActionMask = 2147483647;
			files = (
			);
			runOnlyForDeploymentPostprocessing = 0;
		};
		CDC5BF3C296D324E000FC0DD /* Headers */ = {
			isa = PBXHeadersBuildPhase;
			buildActionMask = 2147483647;
			files = (
			);
			runOnlyForDeploymentPostprocessing = 0;
		};
/* End PBXHeadersBuildPhase section */

/* Begin PBXNativeTarget section */
		CD46F456296551F200DF0076 /* QuizEngine */ = {
			isa = PBXNativeTarget;
			buildConfigurationList = CD46F46B296551F200DF0076 /* Build configuration list for PBXNativeTarget "QuizEngine" */;
			buildPhases = (
				CD46F452296551F200DF0076 /* Headers */,
				CD46F453296551F200DF0076 /* Sources */,
				CD46F454296551F200DF0076 /* Frameworks */,
				CD46F455296551F200DF0076 /* Resources */,
			);
			buildRules = (
			);
			dependencies = (
			);
			name = QuizEngine;
			productName = QuizEngine;
			productReference = CD46F457296551F200DF0076 /* QuizEngine.framework */;
			productType = "com.apple.product-type.framework";
		};
		CD46F460296551F200DF0076 /* QuizEngineTests */ = {
			isa = PBXNativeTarget;
			buildConfigurationList = CD46F46E296551F200DF0076 /* Build configuration list for PBXNativeTarget "QuizEngineTests" */;
			buildPhases = (
				CD46F45D296551F200DF0076 /* Sources */,
				CD46F45E296551F200DF0076 /* Frameworks */,
				CD46F45F296551F200DF0076 /* Resources */,
			);
			buildRules = (
			);
			dependencies = (
				CD46F464296551F200DF0076 /* PBXTargetDependency */,
			);
			name = QuizEngineTests;
			productName = QuizEngineTests;
			productReference = CD46F461296551F200DF0076 /* QuizEngineTests.xctest */;
			productType = "com.apple.product-type.bundle.unit-test";
		};
		CDC5BF40296D324E000FC0DD /* QuizEngine_iOS */ = {
			isa = PBXNativeTarget;
			buildConfigurationList = CDC5BF56296D324F000FC0DD /* Build configuration list for PBXNativeTarget "QuizEngine_iOS" */;
			buildPhases = (
				CDC5BF3C296D324E000FC0DD /* Headers */,
				CDC5BF3D296D324E000FC0DD /* Sources */,
				CDC5BF3E296D324E000FC0DD /* Frameworks */,
				CDC5BF3F296D324E000FC0DD /* Resources */,
			);
			buildRules = (
			);
			dependencies = (
			);
			name = QuizEngine_iOS;
			productName = QuizEngine_iOS;
			productReference = CDC5BF41296D324E000FC0DD /* QuizEngine.framework */;
			productType = "com.apple.product-type.framework";
		};
		CDC5BF49296D324F000FC0DD /* QuizEngine_iOSTests */ = {
			isa = PBXNativeTarget;
			buildConfigurationList = CDC5BF57296D324F000FC0DD /* Build configuration list for PBXNativeTarget "QuizEngine_iOSTests" */;
			buildPhases = (
				CDC5BF46296D324F000FC0DD /* Sources */,
				CDC5BF47296D324F000FC0DD /* Frameworks */,
				CDC5BF48296D324F000FC0DD /* Resources */,
			);
			buildRules = (
			);
			dependencies = (
				CDC5BF4D296D324F000FC0DD /* PBXTargetDependency */,
			);
			name = QuizEngine_iOSTests;
			productName = QuizEngine_iOSTests;
			productReference = CDC5BF4A296D324F000FC0DD /* QuizEngine_iOSTests.xctest */;
			productType = "com.apple.product-type.bundle.unit-test";
		};
/* End PBXNativeTarget section */

/* Begin PBXProject section */
		CD46F44E296551F200DF0076 /* Project object */ = {
			isa = PBXProject;
			attributes = {
				BuildIndependentTargetsInParallel = 1;
				LastSwiftUpdateCheck = 1410;
				LastUpgradeCheck = 1410;
				TargetAttributes = {
					CD46F456296551F200DF0076 = {
						CreatedOnToolsVersion = 14.1;
					};
					CD46F460296551F200DF0076 = {
						CreatedOnToolsVersion = 14.1;
						LastSwiftMigration = 1410;
					};
					CDC5BF40296D324E000FC0DD = {
						CreatedOnToolsVersion = 14.1;
					};
					CDC5BF49296D324F000FC0DD = {
						CreatedOnToolsVersion = 14.1;
					};
				};
			};
			buildConfigurationList = CD46F451296551F200DF0076 /* Build configuration list for PBXProject "QuizEngine" */;
			compatibilityVersion = "Xcode 13.0";
			developmentRegion = en;
			hasScannedForEncodings = 0;
			knownRegions = (
				en,
				Base,
			);
			mainGroup = CD46F44D296551F200DF0076;
			productRefGroup = CD46F458296551F200DF0076 /* Products */;
			projectDirPath = "";
			projectRoot = "";
			targets = (
				CD46F456296551F200DF0076 /* QuizEngine */,
				CD46F460296551F200DF0076 /* QuizEngineTests */,
				CDC5BF40296D324E000FC0DD /* QuizEngine_iOS */,
				CDC5BF49296D324F000FC0DD /* QuizEngine_iOSTests */,
			);
		};
/* End PBXProject section */

/* Begin PBXResourcesBuildPhase section */
		CD46F455296551F200DF0076 /* Resources */ = {
			isa = PBXResourcesBuildPhase;
			buildActionMask = 2147483647;
			files = (
			);
			runOnlyForDeploymentPostprocessing = 0;
		};
		CD46F45F296551F200DF0076 /* Resources */ = {
			isa = PBXResourcesBuildPhase;
			buildActionMask = 2147483647;
			files = (
			);
			runOnlyForDeploymentPostprocessing = 0;
		};
		CDC5BF3F296D324E000FC0DD /* Resources */ = {
			isa = PBXResourcesBuildPhase;
			buildActionMask = 2147483647;
			files = (
			);
			runOnlyForDeploymentPostprocessing = 0;
		};
		CDC5BF48296D324F000FC0DD /* Resources */ = {
			isa = PBXResourcesBuildPhase;
			buildActionMask = 2147483647;
			files = (
			);
			runOnlyForDeploymentPostprocessing = 0;
		};
/* End PBXResourcesBuildPhase section */

/* Begin PBXSourcesBuildPhase section */
		CD46F453296551F200DF0076 /* Sources */ = {
			isa = PBXSourcesBuildPhase;
			buildActionMask = 2147483647;
			files = (
				CD544704296D175700B5C29A /* Router.swift in Sources */,
				CD544708296D189600B5C29A /* Game.swift in Sources */,
				CD544702296D173000B5C29A /* Result.swift in Sources */,
				CD46F45C296551F200DF0076 /* QuizEngine.docc in Sources */,
				CD46F475296554EE00DF0076 /* Flow.swift in Sources */,
			);
			runOnlyForDeploymentPostprocessing = 0;
		};
		CD46F45D296551F200DF0076 /* Sources */ = {
			isa = PBXSourcesBuildPhase;
			buildActionMask = 2147483647;
			files = (
				CD46F4772965572500DF0076 /* FlowTest.swift in Sources */,
				CD544706296D17DC00B5C29A /* GameTest.swift in Sources */,
				CD54470A296D195700B5C29A /* RouterSpy.swift in Sources */,
			);
			runOnlyForDeploymentPostprocessing = 0;
		};
		CDC5BF3D296D324E000FC0DD /* Sources */ = {
			isa = PBXSourcesBuildPhase;
			buildActionMask = 2147483647;
			files = (
				CDC5BF58296D3377000FC0DD /* Result.swift in Sources */,
				CDC5BF5B296D3377000FC0DD /* Flow.swift in Sources */,
				CDC5BF5A296D3377000FC0DD /* Router.swift in Sources */,
				CDC5BF59296D3377000FC0DD /* Game.swift in Sources */,
			);
			runOnlyForDeploymentPostprocessing = 0;
		};
		CDC5BF46296D324F000FC0DD /* Sources */ = {
			isa = PBXSourcesBuildPhase;
			buildActionMask = 2147483647;
			files = (
				CDC5BF5C296D33BA000FC0DD /* FlowTest.swift in Sources */,
				CDC5BF5D296D33BA000FC0DD /* GameTest.swift in Sources */,
				CDC5BF5E296D33BA000FC0DD /* RouterSpy.swift in Sources */,
			);
			runOnlyForDeploymentPostprocessing = 0;
		};
/* End PBXSourcesBuildPhase section */

/* Begin PBXTargetDependency section */
		CD46F464296551F200DF0076 /* PBXTargetDependency */ = {
			isa = PBXTargetDependency;
			target = CD46F456296551F200DF0076 /* QuizEngine */;
			targetProxy = CD46F463296551F200DF0076 /* PBXContainerItemProxy */;
		};
		CDC5BF4D296D324F000FC0DD /* PBXTargetDependency */ = {
			isa = PBXTargetDependency;
			target = CDC5BF40296D324E000FC0DD /* QuizEngine_iOS */;
			targetProxy = CDC5BF4C296D324F000FC0DD /* PBXContainerItemProxy */;
		};
/* End PBXTargetDependency section */

/* Begin XCBuildConfiguration section */
		CD46F469296551F200DF0076 /* Debug */ = {
			isa = XCBuildConfiguration;
			buildSettings = {
				ALWAYS_SEARCH_USER_PATHS = NO;
				CLANG_ANALYZER_NONNULL = YES;
				CLANG_ANALYZER_NUMBER_OBJECT_CONVERSION = YES_AGGRESSIVE;
				CLANG_CXX_LANGUAGE_STANDARD = "gnu++20";
				CLANG_ENABLE_MODULES = YES;
				CLANG_ENABLE_OBJC_ARC = YES;
				CLANG_ENABLE_OBJC_WEAK = YES;
				CLANG_WARN_BLOCK_CAPTURE_AUTORELEASING = YES;
				CLANG_WARN_BOOL_CONVERSION = YES;
				CLANG_WARN_COMMA = YES;
				CLANG_WARN_CONSTANT_CONVERSION = YES;
				CLANG_WARN_DEPRECATED_OBJC_IMPLEMENTATIONS = YES;
				CLANG_WARN_DIRECT_OBJC_ISA_USAGE = YES_ERROR;
				CLANG_WARN_DOCUMENTATION_COMMENTS = YES;
				CLANG_WARN_EMPTY_BODY = YES;
				CLANG_WARN_ENUM_CONVERSION = YES;
				CLANG_WARN_INFINITE_RECURSION = YES;
				CLANG_WARN_INT_CONVERSION = YES;
				CLANG_WARN_NON_LITERAL_NULL_CONVERSION = YES;
				CLANG_WARN_OBJC_IMPLICIT_RETAIN_SELF = YES;
				CLANG_WARN_OBJC_LITERAL_CONVERSION = YES;
				CLANG_WARN_OBJC_ROOT_CLASS = YES_ERROR;
				CLANG_WARN_QUOTED_INCLUDE_IN_FRAMEWORK_HEADER = YES;
				CLANG_WARN_RANGE_LOOP_ANALYSIS = YES;
				CLANG_WARN_STRICT_PROTOTYPES = YES;
				CLANG_WARN_SUSPICIOUS_MOVE = YES;
				CLANG_WARN_UNGUARDED_AVAILABILITY = YES_AGGRESSIVE;
				CLANG_WARN_UNREACHABLE_CODE = YES;
				CLANG_WARN__DUPLICATE_METHOD_MATCH = YES;
				COPY_PHASE_STRIP = NO;
				CURRENT_PROJECT_VERSION = 1;
				DEBUG_INFORMATION_FORMAT = dwarf;
				ENABLE_STRICT_OBJC_MSGSEND = YES;
				ENABLE_TESTABILITY = YES;
				GCC_C_LANGUAGE_STANDARD = gnu11;
				GCC_DYNAMIC_NO_PIC = NO;
				GCC_NO_COMMON_BLOCKS = YES;
				GCC_OPTIMIZATION_LEVEL = 0;
				GCC_PREPROCESSOR_DEFINITIONS = (
					"DEBUG=1",
					"$(inherited)",
				);
				GCC_WARN_64_TO_32_BIT_CONVERSION = YES;
				GCC_WARN_ABOUT_RETURN_TYPE = YES_ERROR;
				GCC_WARN_UNDECLARED_SELECTOR = YES;
				GCC_WARN_UNINITIALIZED_AUTOS = YES_AGGRESSIVE;
				GCC_WARN_UNUSED_FUNCTION = YES;
				GCC_WARN_UNUSED_VARIABLE = YES;
				MACOSX_DEPLOYMENT_TARGET = 13.0;
				MTL_ENABLE_DEBUG_INFO = INCLUDE_SOURCE;
				MTL_FAST_MATH = YES;
				ONLY_ACTIVE_ARCH = YES;
				SDKROOT = macosx;
				SWIFT_ACTIVE_COMPILATION_CONDITIONS = DEBUG;
				SWIFT_OPTIMIZATION_LEVEL = "-Onone";
				VERSIONING_SYSTEM = "apple-generic";
				VERSION_INFO_PREFIX = "";
			};
			name = Debug;
		};
		CD46F46A296551F200DF0076 /* Release */ = {
			isa = XCBuildConfiguration;
			buildSettings = {
				ALWAYS_SEARCH_USER_PATHS = NO;
				CLANG_ANALYZER_NONNULL = YES;
				CLANG_ANALYZER_NUMBER_OBJECT_CONVERSION = YES_AGGRESSIVE;
				CLANG_CXX_LANGUAGE_STANDARD = "gnu++20";
				CLANG_ENABLE_MODULES = YES;
				CLANG_ENABLE_OBJC_ARC = YES;
				CLANG_ENABLE_OBJC_WEAK = YES;
				CLANG_WARN_BLOCK_CAPTURE_AUTORELEASING = YES;
				CLANG_WARN_BOOL_CONVERSION = YES;
				CLANG_WARN_COMMA = YES;
				CLANG_WARN_CONSTANT_CONVERSION = YES;
				CLANG_WARN_DEPRECATED_OBJC_IMPLEMENTATIONS = YES;
				CLANG_WARN_DIRECT_OBJC_ISA_USAGE = YES_ERROR;
				CLANG_WARN_DOCUMENTATION_COMMENTS = YES;
				CLANG_WARN_EMPTY_BODY = YES;
				CLANG_WARN_ENUM_CONVERSION = YES;
				CLANG_WARN_INFINITE_RECURSION = YES;
				CLANG_WARN_INT_CONVERSION = YES;
				CLANG_WARN_NON_LITERAL_NULL_CONVERSION = YES;
				CLANG_WARN_OBJC_IMPLICIT_RETAIN_SELF = YES;
				CLANG_WARN_OBJC_LITERAL_CONVERSION = YES;
				CLANG_WARN_OBJC_ROOT_CLASS = YES_ERROR;
				CLANG_WARN_QUOTED_INCLUDE_IN_FRAMEWORK_HEADER = YES;
				CLANG_WARN_RANGE_LOOP_ANALYSIS = YES;
				CLANG_WARN_STRICT_PROTOTYPES = YES;
				CLANG_WARN_SUSPICIOUS_MOVE = YES;
				CLANG_WARN_UNGUARDED_AVAILABILITY = YES_AGGRESSIVE;
				CLANG_WARN_UNREACHABLE_CODE = YES;
				CLANG_WARN__DUPLICATE_METHOD_MATCH = YES;
				COPY_PHASE_STRIP = NO;
				CURRENT_PROJECT_VERSION = 1;
				DEBUG_INFORMATION_FORMAT = "dwarf-with-dsym";
				ENABLE_NS_ASSERTIONS = NO;
				ENABLE_STRICT_OBJC_MSGSEND = YES;
				GCC_C_LANGUAGE_STANDARD = gnu11;
				GCC_NO_COMMON_BLOCKS = YES;
				GCC_WARN_64_TO_32_BIT_CONVERSION = YES;
				GCC_WARN_ABOUT_RETURN_TYPE = YES_ERROR;
				GCC_WARN_UNDECLARED_SELECTOR = YES;
				GCC_WARN_UNINITIALIZED_AUTOS = YES_AGGRESSIVE;
				GCC_WARN_UNUSED_FUNCTION = YES;
				GCC_WARN_UNUSED_VARIABLE = YES;
				MACOSX_DEPLOYMENT_TARGET = 13.0;
				MTL_ENABLE_DEBUG_INFO = NO;
				MTL_FAST_MATH = YES;
				SDKROOT = macosx;
				SWIFT_COMPILATION_MODE = wholemodule;
				SWIFT_OPTIMIZATION_LEVEL = "-O";
				VERSIONING_SYSTEM = "apple-generic";
				VERSION_INFO_PREFIX = "";
			};
			name = Release;
		};
		CD46F46C296551F200DF0076 /* Debug */ = {
			isa = XCBuildConfiguration;
			buildSettings = {
				CODE_SIGN_STYLE = Automatic;
				COMBINE_HIDPI_IMAGES = YES;
				CURRENT_PROJECT_VERSION = 1;
				DEFINES_MODULE = YES;
				DEVELOPMENT_TEAM = 7588T3DZY6;
				DYLIB_COMPATIBILITY_VERSION = 1;
				DYLIB_CURRENT_VERSION = 1;
				DYLIB_INSTALL_NAME_BASE = "@rpath";
				GENERATE_INFOPLIST_FILE = YES;
				INFOPLIST_KEY_NSHumanReadableCopyright = "";
				INSTALL_PATH = "$(LOCAL_LIBRARY_DIR)/Frameworks";
				LD_RUNPATH_SEARCH_PATHS = (
					"$(inherited)",
					"@executable_path/../Frameworks",
					"@loader_path/Frameworks",
				);
				MARKETING_VERSION = 1.0;
				PRODUCT_BUNDLE_IDENTIFIER = com.pin.QuizEngine;
				PRODUCT_NAME = "$(TARGET_NAME:c99extidentifier)";
				SKIP_INSTALL = YES;
				SWIFT_EMIT_LOC_STRINGS = YES;
				SWIFT_VERSION = 5.0;
			};
			name = Debug;
		};
		CD46F46D296551F200DF0076 /* Release */ = {
			isa = XCBuildConfiguration;
			buildSettings = {
				CODE_SIGN_STYLE = Automatic;
				COMBINE_HIDPI_IMAGES = YES;
				CURRENT_PROJECT_VERSION = 1;
				DEFINES_MODULE = YES;
				DEVELOPMENT_TEAM = 7588T3DZY6;
				DYLIB_COMPATIBILITY_VERSION = 1;
				DYLIB_CURRENT_VERSION = 1;
				DYLIB_INSTALL_NAME_BASE = "@rpath";
				GENERATE_INFOPLIST_FILE = YES;
				INFOPLIST_KEY_NSHumanReadableCopyright = "";
				INSTALL_PATH = "$(LOCAL_LIBRARY_DIR)/Frameworks";
				LD_RUNPATH_SEARCH_PATHS = (
					"$(inherited)",
					"@executable_path/../Frameworks",
					"@loader_path/Frameworks",
				);
				MARKETING_VERSION = 1.0;
				PRODUCT_BUNDLE_IDENTIFIER = com.pin.QuizEngine;
				PRODUCT_NAME = "$(TARGET_NAME:c99extidentifier)";
				SKIP_INSTALL = YES;
				SWIFT_EMIT_LOC_STRINGS = YES;
				SWIFT_VERSION = 5.0;
			};
			name = Release;
		};
		CD46F46F296551F200DF0076 /* Debug */ = {
			isa = XCBuildConfiguration;
			buildSettings = {
				ALWAYS_EMBED_SWIFT_STANDARD_LIBRARIES = YES;
				CLANG_ENABLE_MODULES = YES;
				CODE_SIGN_STYLE = Automatic;
				CURRENT_PROJECT_VERSION = 1;
				DEVELOPMENT_TEAM = 7588T3DZY6;
				GENERATE_INFOPLIST_FILE = YES;
				LD_RUNPATH_SEARCH_PATHS = (
					"$(inherited)",
					"@executable_path/../Frameworks",
					"@loader_path/../Frameworks",
				);
				MARKETING_VERSION = 1.0;
				PRODUCT_BUNDLE_IDENTIFIER = com.pin.QuizEngineTests;
				PRODUCT_NAME = "$(TARGET_NAME)";
				SWIFT_EMIT_LOC_STRINGS = NO;
				SWIFT_OBJC_BRIDGING_HEADER = "QuizEngineTests/QuizEngineTests-Bridging-Header.h";
				SWIFT_OPTIMIZATION_LEVEL = "-Onone";
				SWIFT_VERSION = 5.0;
			};
			name = Debug;
		};
		CD46F470296551F200DF0076 /* Release */ = {
			isa = XCBuildConfiguration;
			buildSettings = {
				ALWAYS_EMBED_SWIFT_STANDARD_LIBRARIES = YES;
				CLANG_ENABLE_MODULES = YES;
				CODE_SIGN_STYLE = Automatic;
				CURRENT_PROJECT_VERSION = 1;
				DEVELOPMENT_TEAM = 7588T3DZY6;
				GENERATE_INFOPLIST_FILE = YES;
				LD_RUNPATH_SEARCH_PATHS = (
					"$(inherited)",
					"@executable_path/../Frameworks",
					"@loader_path/../Frameworks",
				);
				MARKETING_VERSION = 1.0;
				PRODUCT_BUNDLE_IDENTIFIER = com.pin.QuizEngineTests;
				PRODUCT_NAME = "$(TARGET_NAME)";
				SWIFT_EMIT_LOC_STRINGS = NO;
				SWIFT_OBJC_BRIDGING_HEADER = "QuizEngineTests/QuizEngineTests-Bridging-Header.h";
				SWIFT_VERSION = 5.0;
			};
			name = Release;
		};
		CDC5BF52296D324F000FC0DD /* Debug */ = {
			isa = XCBuildConfiguration;
			buildSettings = {
				CODE_SIGN_STYLE = Automatic;
				CURRENT_PROJECT_VERSION = 1;
				DEFINES_MODULE = YES;
				DEVELOPMENT_TEAM = 7588T3DZY6;
				DYLIB_COMPATIBILITY_VERSION = 1;
				DYLIB_CURRENT_VERSION = 1;
				DYLIB_INSTALL_NAME_BASE = "@rpath";
				GENERATE_INFOPLIST_FILE = YES;
				INFOPLIST_KEY_NSHumanReadableCopyright = "";
				INSTALL_PATH = "$(LOCAL_LIBRARY_DIR)/Frameworks";
				IPHONEOS_DEPLOYMENT_TARGET = 16.1;
				LD_RUNPATH_SEARCH_PATHS = (
					"$(inherited)",
					"@executable_path/Frameworks",
					"@loader_path/Frameworks",
				);
				MARKETING_VERSION = 1.0;
				PRODUCT_BUNDLE_IDENTIFIER = com.pin.QuizEngine_iOS;
				PRODUCT_NAME = QuizEngine;
				SDKROOT = iphoneos;
				SKIP_INSTALL = YES;
				SWIFT_EMIT_LOC_STRINGS = YES;
				SWIFT_VERSION = 5.0;
				TARGETED_DEVICE_FAMILY = "1,2";
			};
			name = Debug;
		};
		CDC5BF53296D324F000FC0DD /* Release */ = {
			isa = XCBuildConfiguration;
			buildSettings = {
				CODE_SIGN_STYLE = Automatic;
				CURRENT_PROJECT_VERSION = 1;
				DEFINES_MODULE = YES;
				DEVELOPMENT_TEAM = 7588T3DZY6;
				DYLIB_COMPATIBILITY_VERSION = 1;
				DYLIB_CURRENT_VERSION = 1;
				DYLIB_INSTALL_NAME_BASE = "@rpath";
				GENERATE_INFOPLIST_FILE = YES;
				INFOPLIST_KEY_NSHumanReadableCopyright = "";
				INSTALL_PATH = "$(LOCAL_LIBRARY_DIR)/Frameworks";
				IPHONEOS_DEPLOYMENT_TARGET = 16.1;
				LD_RUNPATH_SEARCH_PATHS = (
					"$(inherited)",
					"@executable_path/Frameworks",
					"@loader_path/Frameworks",
				);
				MARKETING_VERSION = 1.0;
				PRODUCT_BUNDLE_IDENTIFIER = com.pin.QuizEngine_iOS;
				PRODUCT_NAME = QuizEngine;
				SDKROOT = iphoneos;
				SKIP_INSTALL = YES;
				SWIFT_EMIT_LOC_STRINGS = YES;
				SWIFT_VERSION = 5.0;
				TARGETED_DEVICE_FAMILY = "1,2";
				VALIDATE_PRODUCT = YES;
			};
			name = Release;
		};
		CDC5BF54296D324F000FC0DD /* Debug */ = {
			isa = XCBuildConfiguration;
			buildSettings = {
				ALWAYS_EMBED_SWIFT_STANDARD_LIBRARIES = YES;
				CODE_SIGN_STYLE = Automatic;
				CURRENT_PROJECT_VERSION = 1;
				DEVELOPMENT_TEAM = 7588T3DZY6;
				GENERATE_INFOPLIST_FILE = YES;
				IPHONEOS_DEPLOYMENT_TARGET = 16.1;
				MARKETING_VERSION = 1.0;
				PRODUCT_BUNDLE_IDENTIFIER = "com.pin.QuizEngine-iOSTests";
				PRODUCT_NAME = "$(TARGET_NAME)";
				SDKROOT = iphoneos;
				SWIFT_EMIT_LOC_STRINGS = NO;
				SWIFT_VERSION = 5.0;
				TARGETED_DEVICE_FAMILY = "1,2";
			};
			name = Debug;
		};
		CDC5BF55296D324F000FC0DD /* Release */ = {
			isa = XCBuildConfiguration;
			buildSettings = {
				ALWAYS_EMBED_SWIFT_STANDARD_LIBRARIES = YES;
				CODE_SIGN_STYLE = Automatic;
				CURRENT_PROJECT_VERSION = 1;
				DEVELOPMENT_TEAM = 7588T3DZY6;
				GENERATE_INFOPLIST_FILE = YES;
				IPHONEOS_DEPLOYMENT_TARGET = 16.1;
				MARKETING_VERSION = 1.0;
				PRODUCT_BUNDLE_IDENTIFIER = "com.pin.QuizEngine-iOSTests";
				PRODUCT_NAME = "$(TARGET_NAME)";
				SDKROOT = iphoneos;
				SWIFT_EMIT_LOC_STRINGS = NO;
				SWIFT_VERSION = 5.0;
				TARGETED_DEVICE_FAMILY = "1,2";
				VALIDATE_PRODUCT = YES;
			};
			name = Release;
		};
/* End XCBuildConfiguration section */

/* Begin XCConfigurationList section */
		CD46F451296551F200DF0076 /* Build configuration list for PBXProject "QuizEngine" */ = {
			isa = XCConfigurationList;
			buildConfigurations = (
				CD46F469296551F200DF0076 /* Debug */,
				CD46F46A296551F200DF0076 /* Release */,
			);
			defaultConfigurationIsVisible = 0;
			defaultConfigurationName = Release;
		};
		CD46F46B296551F200DF0076 /* Build configuration list for PBXNativeTarget "QuizEngine" */ = {
			isa = XCConfigurationList;
			buildConfigurations = (
				CD46F46C296551F200DF0076 /* Debug */,
				CD46F46D296551F200DF0076 /* Release */,
			);
			defaultConfigurationIsVisible = 0;
			defaultConfigurationName = Release;
		};
		CD46F46E296551F200DF0076 /* Build configuration list for PBXNativeTarget "QuizEngineTests" */ = {
			isa = XCConfigurationList;
			buildConfigurations = (
				CD46F46F296551F200DF0076 /* Debug */,
				CD46F470296551F200DF0076 /* Release */,
			);
			defaultConfigurationIsVisible = 0;
			defaultConfigurationName = Release;
		};
		CDC5BF56296D324F000FC0DD /* Build configuration list for PBXNativeTarget "QuizEngine_iOS" */ = {
			isa = XCConfigurationList;
			buildConfigurations = (
				CDC5BF52296D324F000FC0DD /* Debug */,
				CDC5BF53296D324F000FC0DD /* Release */,
			);
			defaultConfigurationIsVisible = 0;
			defaultConfigurationName = Release;
		};
		CDC5BF57296D324F000FC0DD /* Build configuration list for PBXNativeTarget "QuizEngine_iOSTests" */ = {
			isa = XCConfigurationList;
			buildConfigurations = (
				CDC5BF54296D324F000FC0DD /* Debug */,
				CDC5BF55296D324F000FC0DD /* Release */,
			);
			defaultConfigurationIsVisible = 0;
			defaultConfigurationName = Release;
		};
/* End XCConfigurationList section */
	};
	rootObject = CD46F44E296551F200DF0076 /* Project object */;
}
